
Microsoft Visual Studio Solution File, Format Version 12.00
# Visual Studio 15
VisualStudioVersion = 15.0.28307.489
MinimumVisualStudioVersion = 10.0.40219.1
Project("{FAE04EC0-301F-11D3-BF4B-00C04F79EFBC}") = "SportsClub", "SportsClub\SportsClub.csproj", "{9BD98A26-39B3-47E0-BC58-B95354F1CAAE}"
EndProject
Global
	GlobalSection(SolutionConfigurationPlatforms) = preSolution
		Debug|Any CPU = Debug|Any CPU
		Release|Any CPU = Release|Any CPU
	EndGlobalSection
	GlobalSection(ProjectConfigurationPlatforms) = postSolution
		{9BD98A26-39B3-47E0-BC58-B95354F1CAAE}.Debug|Any CPU.ActiveCfg = Debug|Any CPU
		{9BD98A26-39B3-47E0-BC58-B95354F1CAAE}.Debug|Any CPU.Build.0 = Debug|Any CPU
		{9BD98A26-39B3-47E0-BC58-B95354F1CAAE}.Release|Any CPU.ActiveCfg = Release|Any CPU
		{9BD98A26-39B3-47E0-BC58-B95354F1CAAE}.Release|Any CPU.Build.0 = Release|Any CPU
	EndGlobalSection
	GlobalSection(SolutionProperties) = preSolution
		HideSolutionNode = FALSE
	EndGlobalSection
	GlobalSection(ExtensibilityGlobals) = postSolution
		SolutionGuid = {B5487023-0234-46E8-8918-BA7879DBAD2E}
	EndGlobalSection
EndGlobal
